{
  "nodes": {
    "nixpkgs": {
      "locked": {
        "lastModified": 1748094759,
        "narHash": "sha256-kPCNEcVvtIIWQHpzrDMNnhOV9yn9L1mC9lfqMe52c54=",
        "owner": "NixOS",
        "repo": "nixpkgs",
        "rev": "a88db0c7c603d31b9ecdd6d4c809104d78dec096",
        "type": "github"
      },
      "original": {
        "owner": "NixOS",
        "repo": "nixpkgs",
        "type": "github"
      }
    },
    "root": {
      "inputs": {
        "nixpkgs": "nixpkgs"
      }
    }
  },
  "root": "root",
  "version": 7
}
